// !$*UTF8*$!
{
	archiveVersion = 1;
	classes = {
	};
	objectVersion = 55;
	objects = {

/* Begin PBXBuildFile section */
		040902E22703BC2B001A8FC3 /* AppDelegate.swift in Sources */ = {isa = PBXBuildFile; fileRef = 040902E12703BC2B001A8FC3 /* AppDelegate.swift */; };
		040902E42703BC2B001A8FC3 /* SceneDelegate.swift in Sources */ = {isa = PBXBuildFile; fileRef = 040902E32703BC2B001A8FC3 /* SceneDelegate.swift */; };
		040902E62703BC2B001A8FC3 /* ViewController.swift in Sources */ = {isa = PBXBuildFile; fileRef = 040902E52703BC2B001A8FC3 /* ViewController.swift */; };
		040902E92703BC2B001A8FC3 /* Main.storyboard in Resources */ = {isa = PBXBuildFile; fileRef = 040902E72703BC2B001A8FC3 /* Main.storyboard */; };
		040902EB2703BC32001A8FC3 /* Assets.xcassets in Resources */ = {isa = PBXBuildFile; fileRef = 040902EA2703BC32001A8FC3 /* Assets.xcassets */; };
		040902EE2703BC32001A8FC3 /* LaunchScreen.storyboard in Resources */ = {isa = PBXBuildFile; fileRef = 040902EC2703BC32001A8FC3 /* LaunchScreen.storyboard */; };
		040902F82703CD0E001A8FC3 /* MemeDetailsViewController.swift in Sources */ = {isa = PBXBuildFile; fileRef = 040902F72703CD0E001A8FC3 /* MemeDetailsViewController.swift */; };
		040902FA2703D657001A8FC3 /* MemeTableViewController.swift in Sources */ = {isa = PBXBuildFile; fileRef = 040902F92703D657001A8FC3 /* MemeTableViewController.swift */; };
		040902FC2703E356001A8FC3 /* MemeCollectionViewController.swift in Sources */ = {isa = PBXBuildFile; fileRef = 040902FB2703E356001A8FC3 /* MemeCollectionViewController.swift */; };
		040903002703F911001A8FC3 /* Meme Struct.swift in Sources */ = {isa = PBXBuildFile; fileRef = 040902FF2703F911001A8FC3 /* Meme Struct.swift */; };
		040903022705421F001A8FC3 /* MemeTableViewCell.swift in Sources */ = {isa = PBXBuildFile; fileRef = 040903012705421F001A8FC3 /* MemeTableViewCell.swift */; };
		04090304270543E3001A8FC3 /* MemeCollectionViewCell.swift in Sources */ = {isa = PBXBuildFile; fileRef = 04090303270543E3001A8FC3 /* MemeCollectionViewCell.swift */; };
/* End PBXBuildFile section */

/* Begin PBXFileReference section */
		040902DE2703BC2B001A8FC3 /* Meme me-2.0.app */ = {isa = PBXFileReference; explicitFileType = wrapper.application; includeInIndex = 0; path = "Meme me-2.0.app"; sourceTree = BUILT_PRODUCTS_DIR; };
		040902E12703BC2B001A8FC3 /* AppDelegate.swift */ = {isa = PBXFileReference; lastKnownFileType = sourcecode.swift; path = AppDelegate.swift; sourceTree = "<group>"; };
		040902E32703BC2B001A8FC3 /* SceneDelegate.swift */ = {isa = PBXFileReference; lastKnownFileType = sourcecode.swift; path = SceneDelegate.swift; sourceTree = "<group>"; };
		040902E52703BC2B001A8FC3 /* ViewController.swift */ = {isa = PBXFileReference; lastKnownFileType = sourcecode.swift; path = ViewController.swift; sourceTree = "<group>"; };
		040902E82703BC2B001A8FC3 /* Base */ = {isa = PBXFileReference; lastKnownFileType = file.storyboard; name = Base; path = Base.lproj/Main.storyboard; sourceTree = "<group>"; };
		040902EA2703BC32001A8FC3 /* Assets.xcassets */ = {isa = PBXFileReference; lastKnownFileType = folder.assetcatalog; path = Assets.xcassets; sourceTree = "<group>"; };
		040902ED2703BC32001A8FC3 /* Base */ = {isa = PBXFileReference; lastKnownFileType = file.storyboard; name = Base; path = Base.lproj/LaunchScreen.storyboard; sourceTree = "<group>"; };
		040902EF2703BC32001A8FC3 /* Info.plist */ = {isa = PBXFileReference; lastKnownFileType = text.plist.xml; path = Info.plist; sourceTree = "<group>"; };
		040902F72703CD0E001A8FC3 /* MemeDetailsViewController.swift */ = {isa = PBXFileReference; lastKnownFileType = sourcecode.swift; path = MemeDetailsViewController.swift; sourceTree = "<group>"; };
		040902F92703D657001A8FC3 /* MemeTableViewController.swift */ = {isa = PBXFileReference; lastKnownFileType = sourcecode.swift; path = MemeTableViewController.swift; sourceTree = "<group>"; };
		040902FB2703E356001A8FC3 /* MemeCollectionViewController.swift */ = {isa = PBXFileReference; lastKnownFileType = sourcecode.swift; path = MemeCollectionViewController.swift; sourceTree = "<group>"; };
		040902FF2703F911001A8FC3 /* Meme Struct.swift */ = {isa = PBXFileReference; lastKnownFileType = sourcecode.swift; path = "Meme Struct.swift"; sourceTree = "<group>"; };
		040903012705421F001A8FC3 /* MemeTableViewCell.swift */ = {isa = PBXFileReference; lastKnownFileType = sourcecode.swift; path = MemeTableViewCell.swift; sourceTree = "<group>"; };
		04090303270543E3001A8FC3 /* MemeCollectionViewCell.swift */ = {isa = PBXFileReference; lastKnownFileType = sourcecode.swift; path = MemeCollectionViewCell.swift; sourceTree = "<group>"; };
/* End PBXFileReference section */

/* Begin PBXFrameworksBuildPhase section */
		040902DB2703BC2B001A8FC3 /* Frameworks */ = {
			isa = PBXFrameworksBuildPhase;
			buildActionMask = 2147483647;
			files = (
			);
			runOnlyForDeploymentPostprocessing = 0;
		};
/* End PBXFrameworksBuildPhase section */

/* Begin PBXGroup section */
		040902D52703BC2B001A8FC3 = {
			isa = PBXGroup;
			children = (
				040902E02703BC2B001A8FC3 /* Meme me-2.0 */,
				040902DF2703BC2B001A8FC3 /* Products */,
			);
			sourceTree = "<group>";
		};
		040902DF2703BC2B001A8FC3 /* Products */ = {
			isa = PBXGroup;
			children = (
				040902DE2703BC2B001A8FC3 /* Meme me-2.0.app */,
			);
			name = Products;
			sourceTree = "<group>";
		};
		040902E02703BC2B001A8FC3 /* Meme me-2.0 */ = {
			isa = PBXGroup;
			children = (
				040902E12703BC2B001A8FC3 /* AppDelegate.swift */,
				040902E32703BC2B001A8FC3 /* SceneDelegate.swift */,
				040902E52703BC2B001A8FC3 /* ViewController.swift */,
				040902FF2703F911001A8FC3 /* Meme Struct.swift */,
				040902F72703CD0E001A8FC3 /* MemeDetailsViewController.swift */,
				040902E72703BC2B001A8FC3 /* Main.storyboard */,
				040902FB2703E356001A8FC3 /* MemeCollectionViewController.swift */,
				040902F92703D657001A8FC3 /* MemeTableViewController.swift */,
				04090303270543E3001A8FC3 /* MemeCollectionViewCell.swift */,
				040903012705421F001A8FC3 /* MemeTableViewCell.swift */,
				040902EA2703BC32001A8FC3 /* Assets.xcassets */,
				040902EC2703BC32001A8FC3 /* LaunchScreen.storyboard */,
				040902EF2703BC32001A8FC3 /* Info.plist */,
			);
			path = "Meme me-2.0";
			sourceTree = "<group>";
		};
/* End PBXGroup section */

/* Begin PBXNativeTarget section */
		040902DD2703BC2B001A8FC3 /* Meme me-2.0 */ = {
			isa = PBXNativeTarget;
			buildConfigurationList = 040902F22703BC32001A8FC3 /* Build configuration list for PBXNativeTarget "Meme me-2.0" */;
			buildPhases = (
				040902DA2703BC2B001A8FC3 /* Sources */,
				040902DB2703BC2B001A8FC3 /* Frameworks */,
				040902DC2703BC2B001A8FC3 /* Resources */,
			);
			buildRules = (
			);
			dependencies = (
			);
			name = "Meme me-2.0";
			productName = "Meme me-2.0";
			productReference = 040902DE2703BC2B001A8FC3 /* Meme me-2.0.app */;
			productType = "com.apple.product-type.application";
		};
/* End PBXNativeTarget section */

/* Begin PBXProject section */
		040902D62703BC2B001A8FC3 /* Project object */ = {
			isa = PBXProject;
			attributes = {
				BuildIndependentTargetsInParallel = 1;
				LastSwiftUpdateCheck = 1300;
				LastUpgradeCheck = 1300;
				TargetAttributes = {
					040902DD2703BC2B001A8FC3 = {
						CreatedOnToolsVersion = 13.0;
					};
				};
			};
			buildConfigurationList = 040902D92703BC2B001A8FC3 /* Build configuration list for PBXProject "Meme me-2.0" */;
			compatibilityVersion = "Xcode 13.0";
			developmentRegion = en;
			hasScannedForEncodings = 0;
			knownRegions = (
				en,
				Base,
			);
			mainGroup = 040902D52703BC2B001A8FC3;
			productRefGroup = 040902DF2703BC2B001A8FC3 /* Products */;
			projectDirPath = "";
			projectRoot = "";
			targets = (
				040902DD2703BC2B001A8FC3 /* Meme me-2.0 */,
			);
		};
/* End PBXProject section */

/* Begin PBXResourcesBuildPhase section */
		040902DC2703BC2B001A8FC3 /* Resources */ = {
			isa = PBXResourcesBuildPhase;
			buildActionMask = 2147483647;
			files = (
				040902EE2703BC32001A8FC3 /* LaunchScreen.storyboard in Resources */,
				040902EB2703BC32001A8FC3 /* Assets.xcassets in Resources */,
				040902E92703BC2B001A8FC3 /* Main.storyboard in Resources */,
			);
			runOnlyForDeploymentPostprocessing = 0;
		};
/* End PBXResourcesBuildPhase section */

/* Begin PBXSourcesBuildPhase section */
		040902DA2703BC2B001A8FC3 /* Sources */ = {
			isa = PBXSourcesBuildPhase;
			buildActionMask = 2147483647;
			files = (
				040902F82703CD0E001A8FC3 /* MemeDetailsViewController.swift in Sources */,
				040903022705421F001A8FC3 /* MemeTableViewCell.swift in Sources */,
				040902E62703BC2B001A8FC3 /* ViewController.swift in Sources */,
				04090304270543E3001A8FC3 /* MemeCollectionViewCell.swift in Sources */,
				040902FA2703D657001A8FC3 /* MemeTableViewController.swift in Sources */,
				040903002703F911001A8FC3 /* Meme Struct.swift in Sources */,
				040902E22703BC2B001A8FC3 /* AppDelegate.swift in Sources */,
				040902FC2703E356001A8FC3 /* MemeCollectionViewController.swift in Sources */,
				040902E42703BC2B001A8FC3 /* SceneDelegate.swift in Sources */,
			);
			runOnlyForDeploymentPostprocessing = 0;
		};
/* End PBXSourcesBuildPhase section */

/* Begin PBXVariantGroup section */
		040902E72703BC2B001A8FC3 /* Main.storyboard */ = {
			isa = PBXVariantGroup;
			children = (
				040902E82703BC2B001A8FC3 /* Base */,
			);
			name = Main.storyboard;
			sourceTree = "<group>";
		};
		040902EC2703BC32001A8FC3 /* LaunchScreen.storyboard */ = {
			isa = PBXVariantGroup;
			children = (
				040902ED2703BC32001A8FC3 /* Base */,
			);
			name = LaunchScreen.storyboard;
			sourceTree = "<group>";
		};
/* End PBXVariantGroup section */

/* Begin XCBuildConfiguration section */
		040902F02703BC32001A8FC3 /* Debug */ = {
			isa = XCBuildConfiguration;
			buildSettings = {
				ALWAYS_SEARCH_USER_PATHS = NO;
				CLANG_ANALYZER_NONNULL = YES;
				CLANG_ANALYZER_NUMBER_OBJECT_CONVERSION = YES_AGGRESSIVE;
				CLANG_CXX_LANGUAGE_STANDARD = "gnu++17";
				CLANG_CXX_LIBRARY = "libc++";
				CLANG_ENABLE_MODULES = YES;
				CLANG_ENABLE_OBJC_ARC = YES;
				CLANG_ENABLE_OBJC_WEAK = YES;
				CLANG_WARN_BLOCK_CAPTURE_AUTORELEASING = YES;
				CLANG_WARN_BOOL_CONVERSION = YES;
				CLANG_WARN_COMMA = YES;
				CLANG_WARN_CONSTANT_CONVERSION = YES;
				CLANG_WARN_DEPRECATED_OBJC_IMPLEMENTATIONS = YES;
				CLANG_WARN_DIRECT_OBJC_ISA_USAGE = YES_ERROR;
				CLANG_WARN_DOCUMENTATION_COMMENTS = YES;
				CLANG_WARN_EMPTY_BODY = YES;
				CLANG_WARN_ENUM_CONVERSION = YES;
				CLANG_WARN_INFINITE_RECURSION = YES;
				CLANG_WARN_INT_CONVERSION = YES;
				CLANG_WARN_NON_LITERAL_NULL_CONVERSION = YES;
				CLANG_WARN_OBJC_IMPLICIT_RETAIN_SELF = YES;
				CLANG_WARN_OBJC_LITERAL_CONVERSION = YES;
				CLANG_WARN_OBJC_ROOT_CLASS = YES_ERROR;
				CLANG_WARN_QUOTED_INCLUDE_IN_FRAMEWORK_HEADER = YES;
				CLANG_WARN_RANGE_LOOP_ANALYSIS = YES;
				CLANG_WARN_STRICT_PROTOTYPES = YES;
				CLANG_WARN_SUSPICIOUS_MOVE = YES;
				CLANG_WARN_UNGUARDED_AVAILABILITY = YES_AGGRESSIVE;
				CLANG_WARN_UNREACHABLE_CODE = YES;
				CLANG_WARN__DUPLICATE_METHOD_MATCH = YES;
				COPY_PHASE_STRIP = NO;
				DEBUG_INFORMATION_FORMAT = dwarf;
				ENABLE_STRICT_OBJC_MSGSEND = YES;
				ENABLE_TESTABILITY = YES;
				GCC_C_LANGUAGE_STANDARD = gnu11;
				GCC_DYNAMIC_NO_PIC = NO;
				GCC_NO_COMMON_BLOCKS = YES;
				GCC_OPTIMIZATION_LEVEL = 0;
				GCC_PREPROCESSOR_DEFINITIONS = (
					"DEBUG=1",
					"$(inherited)",
				);
				GCC_WARN_64_TO_32_BIT_CONVERSION = YES;
				GCC_WARN_ABOUT_RETURN_TYPE = YES_ERROR;
				GCC_WARN_UNDECLARED_SELECTOR = YES;
				GCC_WARN_UNINITIALIZED_AUTOS = YES_AGGRESSIVE;
				GCC_WARN_UNUSED_FUNCTION = YES;
				GCC_WARN_UNUSED_VARIABLE = YES;
				IPHONEOS_DEPLOYMENT_TARGET = 15.0;
				MTL_ENABLE_DEBUG_INFO = INCLUDE_SOURCE;
				MTL_FAST_MATH = YES;
				ONLY_ACTIVE_ARCH = YES;
				SDKROOT = iphoneos;
				SWIFT_ACTIVE_COMPILATION_CONDITIONS = DEBUG;
				SWIFT_OPTIMIZATION_LEVEL = "-Onone";
			};
			name = Debug;
		};
		040902F12703BC32001A8FC3 /* Release */ = {
			isa = XCBuildConfiguration;
			buildSettings = {
				ALWAYS_SEARCH_USER_PATHS = NO;
				CLANG_ANALYZER_NONNULL = YES;
				CLANG_ANALYZER_NUMBER_OBJECT_CONVERSION = YES_AGGRESSIVE;
				CLANG_CXX_LANGUAGE_STANDARD = "gnu++17";
				CLANG_CXX_LIBRARY = "libc++";
				CLANG_ENABLE_MODULES = YES;
				CLANG_ENABLE_OBJC_ARC = YES;
				CLANG_ENABLE_OBJC_WEAK = YES;
				CLANG_WARN_BLOCK_CAPTURE_AUTORELEASING = YES;
				CLANG_WARN_BOOL_CONVERSION = YES;
				CLANG_WARN_COMMA = YES;
				CLANG_WARN_CONSTANT_CONVERSION = YES;
				CLANG_WARN_DEPRECATED_OBJC_IMPLEMENTATIONS = YES;
				CLANG_WARN_DIRECT_OBJC_ISA_USAGE = YES_ERROR;
				CLANG_WARN_DOCUMENTATION_COMMENTS = YES;
				CLANG_WARN_EMPTY_BODY = YES;
				CLANG_WARN_ENUM_CONVERSION = YES;
				CLANG_WARN_INFINITE_RECURSION = YES;
				CLANG_WARN_INT_CONVERSION = YES;
				CLANG_WARN_NON_LITERAL_NULL_CONVERSION = YES;
				CLANG_WARN_OBJC_IMPLICIT_RETAIN_SELF = YES;
				CLANG_WARN_OBJC_LITERAL_CONVERSION = YES;
				CLANG_WARN_OBJC_ROOT_CLASS = YES_ERROR;
				CLANG_WARN_QUOTED_INCLUDE_IN_FRAMEWORK_HEADER = YES;
				CLANG_WARN_RANGE_LOOP_ANALYSIS = YES;
				CLANG_WARN_STRICT_PROTOTYPES = YES;
				CLANG_WARN_SUSPICIOUS_MOVE = YES;
				CLANG_WARN_UNGUARDED_AVAILABILITY = YES_AGGRESSIVE;
				CLANG_WARN_UNREACHABLE_CODE = YES;
				CLANG_WARN__DUPLICATE_METHOD_MATCH = YES;
				COPY_PHASE_STRIP = NO;
				DEBUG_INFORMATION_FORMAT = "dwarf-with-dsym";
				ENABLE_NS_ASSERTIONS = NO;
				ENABLE_STRICT_OBJC_MSGSEND = YES;
				GCC_C_LANGUAGE_STANDARD = gnu11;
				GCC_NO_COMMON_BLOCKS = YES;
				GCC_WARN_64_TO_32_BIT_CONVERSION = YES;
				GCC_WARN_ABOUT_RETURN_TYPE = YES_ERROR;
				GCC_WARN_UNDECLARED_SELECTOR = YES;
				GCC_WARN_UNINITIALIZED_AUTOS = YES_AGGRESSIVE;
				GCC_WARN_UNUSED_FUNCTION = YES;
				GCC_WARN_UNUSED_VARIABLE = YES;
				IPHONEOS_DEPLOYMENT_TARGET = 15.0;
				MTL_ENABLE_DEBUG_INFO = NO;
				MTL_FAST_MATH = YES;
				SDKROOT = iphoneos;
				SWIFT_COMPILATION_MODE = wholemodule;
				SWIFT_OPTIMIZATION_LEVEL = "-O";
				VALIDATE_PRODUCT = YES;
			};
			name = Release;
		};
		040902F32703BC32001A8FC3 /* Debug */ = {
			isa = XCBuildConfiguration;
			buildSettings = {
				ASSETCATALOG_COMPILER_APPICON_NAME = AppIcon;
				ASSETCATALOG_COMPILER_GLOBAL_ACCENT_COLOR_NAME = AccentColor;
				CODE_SIGN_STYLE = Automatic;
				CURRENT_PROJECT_VERSION = 1;
				DEVELOPMENT_TEAM = AU7F43LTFG;
				GENERATE_INFOPLIST_FILE = YES;
				INFOPLIST_FILE = "Meme me-2.0/Info.plist";
				INFOPLIST_KEY_UIApplicationSupportsIndirectInputEvents = YES;
				INFOPLIST_KEY_UILaunchStoryboardName = LaunchScreen;
				INFOPLIST_KEY_UIMainStoryboardFile = Main;
				INFOPLIST_KEY_UISupportedInterfaceOrientations_iPad = "UIInterfaceOrientationPortrait UIInterfaceOrientationPortraitUpsideDown UIInterfaceOrientationLandscapeLeft UIInterfaceOrientationLandscapeRight";
				INFOPLIST_KEY_UISupportedInterfaceOrientations_iPhone = "UIInterfaceOrientationPortrait UIInterfaceOrientationLandscapeLeft UIInterfaceOrientationLandscapeRight";
				LD_RUNPATH_SEARCH_PATHS = (
					"$(inherited)",
					"@executable_path/Frameworks",
				);
				MARKETING_VERSION = 1.0;
				PRODUCT_BUNDLE_IDENTIFIER = "com.udacity.Meme-me-2-0";
				PRODUCT_NAME = "$(TARGET_NAME)";
				SWIFT_EMIT_LOC_STRINGS = YES;
				SWIFT_VERSION = 5.0;
				TARGETED_DEVICE_FAMILY = "1,2";
			};
			name = Debug;
		};
		040902F42703BC32001A8FC3 /* Release */ = {
			isa = XCBuildConfiguration;
			buildSettings = {
				ASSETCATALOG_COMPILER_APPICON_NAME = AppIcon;
				ASSETCATALOG_COMPILER_GLOBAL_ACCENT_COLOR_NAME = AccentColor;
				CODE_SIGN_STYLE = Automatic;
				CURRENT_PROJECT_VERSION = 1;
				DEVELOPMENT_TEAM = AU7F43LTFG;
				GENERATE_INFOPLIST_FILE = YES;
				INFOPLIST_FILE = "Meme me-2.0/Info.plist";
				INFOPLIST_KEY_UIApplicationSupportsIndirectInputEvents = YES;
				INFOPLIST_KEY_UILaunchStoryboardName = LaunchScreen;
				INFOPLIST_KEY_UIMainStoryboardFile = Main;
				INFOPLIST_KEY_UISupportedInterfaceOrientations_iPad = "UIInterfaceOrientationPortrait UIInterfaceOrientationPortraitUpsideDown UIInterfaceOrientationLandscapeLeft UIInterfaceOrientationLandscapeRight";
				INFOPLIST_KEY_UISupportedInterfaceOrientations_iPhone = "UIInterfaceOrientationPortrait UIInterfaceOrientationLandscapeLeft UIInterfaceOrientationLandscapeRight";
				LD_RUNPATH_SEARCH_PATHS = (
					"$(inherited)",
					"@executable_path/Frameworks",
				);
				MARKETING_VERSION = 1.0;
				PRODUCT_BUNDLE_IDENTIFIER = "com.udacity.Meme-me-2-0";
				PRODUCT_NAME = "$(TARGET_NAME)";
				SWIFT_EMIT_LOC_STRINGS = YES;
				SWIFT_VERSION = 5.0;
				TARGETED_DEVICE_FAMILY = "1,2";
			};
			name = Release;
		};
/* End XCBuildConfiguration section */

/* Begin XCConfigurationList section */
		040902D92703BC2B001A8FC3 /* Build configuration list for PBXProject "Meme me-2.0" */ = {
			isa = XCConfigurationList;
			buildConfigurations = (
				040902F02703BC32001A8FC3 /* Debug */,
				040902F12703BC32001A8FC3 /* Release */,
			);
			defaultConfigurationIsVisible = 0;
			defaultConfigurationName = Release;
		};
		040902F22703BC32001A8FC3 /* Build configuration list for PBXNativeTarget "Meme me-2.0" */ = {
			isa = XCConfigurationList;
			buildConfigurations = (
				040902F32703BC32001A8FC3 /* Debug */,
				040902F42703BC32001A8FC3 /* Release */,
			);
			defaultConfigurationIsVisible = 0;
			defaultConfigurationName = Release;
		};
/* End XCConfigurationList section */
	};
	rootObject = 040902D62703BC2B001A8FC3 /* Project object */;
}
